
Microsoft Visual Studio Solution File, Format Version 12.00
# Visual Studio Version 16
VisualStudioVersion = 16.0.31205.134
MinimumVisualStudioVersion = 10.0.40219.1
Project("{FAE04EC0-301F-11D3-BF4B-00C04F79EFBC}") = "Console Application pg185", "Console Application pg185\Console Application pg185.csproj", "{687548F5-DA21-45BD-AF7F-F7E37A53D7C8}"
EndProject
Global
	GlobalSection(SolutionConfigurationPlatforms) = preSolution
		Debug|Any CPU = Debug|Any CPU
		Release|Any CPU = Release|Any CPU
	EndGlobalSection
	GlobalSection(ProjectConfigurationPlatforms) = postSolution
		{687548F5-DA21-45BD-AF7F-F7E37A53D7C8}.Debug|Any CPU.ActiveCfg = Debug|Any CPU
		{687548F5-DA21-45BD-AF7F-F7E37A53D7C8}.Debug|Any CPU.Build.0 = Debug|Any CPU
		{687548F5-DA21-45BD-AF7F-F7E37A53D7C8}.Release|Any CPU.ActiveCfg = Release|Any CPU
		{687548F5-DA21-45BD-AF7F-F7E37A53D7C8}.Release|Any CPU.Build.0 = Release|Any CPU
	EndGlobalSection
	GlobalSection(SolutionProperties) = preSolution
		HideSolutionNode = FALSE
	EndGlobalSection
	GlobalSection(ExtensibilityGlobals) = postSolution
		SolutionGuid = {C9462767-98AC-4154-AD32-56AE462A9AE9}
	EndGlobalSection
EndGlobal
